
Microsoft Visual Studio Solution File, Format Version 12.00
Project("{FAE04EC0-301F-11D3-BF4B-00C04F79EFBC}") = "SAOD_con", "SAOD_con\SAOD_con.csproj", "{65A67B91-E077-40DB-9B90-5052D07740E2}"
EndProject
Project("{FAE04EC0-301F-11D3-BF4B-00C04F79EFBC}") = "SaodTest", "SaodTest\SaodTest.csproj", "{75AB7E68-F2FB-4726-B2B0-D1E2FD76118C}"
EndProject
Global
	GlobalSection(SolutionConfigurationPlatforms) = preSolution
		Debug|Any CPU = Debug|Any CPU
		Release|Any CPU = Release|Any CPU
	EndGlobalSection
	GlobalSection(ProjectConfigurationPlatforms) = postSolution
		{65A67B91-E077-40DB-9B90-5052D07740E2}.Debug|Any CPU.ActiveCfg = Debug|Any CPU
		{65A67B91-E077-40DB-9B90-5052D07740E2}.Debug|Any CPU.Build.0 = Debug|Any CPU
		{65A67B91-E077-40DB-9B90-5052D07740E2}.Release|Any CPU.ActiveCfg = Release|Any CPU
		{65A67B91-E077-40DB-9B90-5052D07740E2}.Release|Any CPU.Build.0 = Release|Any CPU
		{75AB7E68-F2FB-4726-B2B0-D1E2FD76118C}.Debug|Any CPU.ActiveCfg = Debug|Any CPU
		{75AB7E68-F2FB-4726-B2B0-D1E2FD76118C}.Debug|Any CPU.Build.0 = Debug|Any CPU
		{75AB7E68-F2FB-4726-B2B0-D1E2FD76118C}.Release|Any CPU.ActiveCfg = Release|Any CPU
		{75AB7E68-F2FB-4726-B2B0-D1E2FD76118C}.Release|Any CPU.Build.0 = Release|Any CPU
	EndGlobalSection
EndGlobal
